{
  "name": "clean-npm-fixture",
  "version": "1.0.0",
  "lockfileVersion": 3,
  "requires": true,
  "packages": {
    "": {
      "name": "clean-npm-fixture",
      "version": "1.0.0"
    },
    "node_modules/lodash": {
      "version": "4.17.21",
      "resolved": "https://registry.npmjs.org/lodash/-/lodash-4.17.21.tgz",
      "integrity": "sha512-v2kDEe57lecTulaDIuNTPy3Ry4gLGJ6Z1O3vE1skrgcks7ftsUvSY3gYZRwWQ9QSY3AIBQheQ1aX1Us69uXK8w=="
    },
    "node_modules/vitest": {
      "version": "1.6.0",
      "dev": true,
      "resolved": "https://registry.npmjs.org/vitest/-/vitest-1.6.0.tgz",
      "integrity": "sha512-ropuyVwbTCSuH2cn4gL5TVdUM00L+9B0WQwoa6MW1FWG1Jgg2QSGDDcGfH40h9qA2vgZJbR4W1Yy3w8w5yB2A=="
    }
  }
}
