{
  "name": "pkg-a",
  "version": "0.1.0",
  "lockfileVersion": 3,
  "requires": true,
  "packages": {
    "": {
      "name": "pkg-a",
      "version": "0.1.0"
    },
    "node_modules/left-pad": {
      "version": "1.3.0",
      "resolved": "https://registry.npmjs.org/left-pad/-/left-pad-1.3.0.tgz",
      "integrity": "sha512-XfpgEHmuF8Svw8aG6TQVaSIZjV6i0a75BjQvnevKn4+53Gea7Q1n9LmNk82ap9nyv2RQJHyLrZm9lRCoa3WwQ=="
    }
  }
}
