{
  "name": "circular-graph-fixture",
  "version": "1.0.0",
  "lockfileVersion": 3,
  "requires": true,
  "packages": {
    "": {
      "name": "circular-graph-fixture",
      "version": "1.0.0"
    },
    "node_modules/a-cycle-a": {
      "version": "1.0.0",
      "dependencies": {
        "b-cycle-b": "^1.0.0"
      }
    },
    "node_modules/b-cycle-b": {
      "version": "1.0.0",
      "dependencies": {
        "c-cycle-c": "^1.0.0"
      }
    },
    "node_modules/c-cycle-c": {
      "version": "1.0.0",
      "dependencies": {
        "a-cycle-a": "^1.0.0"
      }
    }
  }
}
