{
  "name": "oversized-graph-fixture",
  "version": "1.0.0",
  "lockfileVersion": 3,
  "requires": true,
  "packages": {
    "": {
      "name": "oversized-graph-fixture",
      "version": "1.0.0"
    },
    "node_modules/root-pkg": {
      "version": "1.0.0",
      "dependencies": {
        "child-a": "^1.0.0",
        "child-b": "^1.0.0",
        "child-c": "^1.0.0",
        "child-d": "^1.0.0",
        "child-e": "^1.0.0",
        "child-f": "^1.0.0",
        "child-g": "^1.0.0"
      }
    },
    "node_modules/child-a": {"version": "1.0.0"},
    "node_modules/child-b": {"version": "1.0.0"},
    "node_modules/child-c": {"version": "1.0.0"},
    "node_modules/child-d": {"version": "1.0.0"},
    "node_modules/child-e": {"version": "1.0.0"},
    "node_modules/child-f": {"version": "1.0.0"},
    "node_modules/child-g": {"version": "1.0.0"}
  }
}
